
Microsoft Visual Studio Solution File, Format Version 12.00
# Visual Studio 15
VisualStudioVersion = 15.0.28307.757
MinimumVisualStudioVersion = 10.0.40219.1
Project("{FAE04EC0-301F-11D3-BF4B-00C04F79EFBC}") = "NestedObjectsSample", "NestedObjectsSample\NestedObjectsSample.csproj", "{450A2A07-D208-464E-BFA4-2EED148D0619}"
EndProject
Global
	GlobalSection(SolutionConfigurationPlatforms) = preSolution
		Debug|Any CPU = Debug|Any CPU
		Release|Any CPU = Release|Any CPU
	EndGlobalSection
	GlobalSection(ProjectConfigurationPlatforms) = postSolution
		{450A2A07-D208-464E-BFA4-2EED148D0619}.Debug|Any CPU.ActiveCfg = Debug|Any CPU
		{450A2A07-D208-464E-BFA4-2EED148D0619}.Debug|Any CPU.Build.0 = Debug|Any CPU
		{450A2A07-D208-464E-BFA4-2EED148D0619}.Release|Any CPU.ActiveCfg = Release|Any CPU
		{450A2A07-D208-464E-BFA4-2EED148D0619}.Release|Any CPU.Build.0 = Release|Any CPU
	EndGlobalSection
	GlobalSection(SolutionProperties) = preSolution
		HideSolutionNode = FALSE
	EndGlobalSection
	GlobalSection(ExtensibilityGlobals) = postSolution
		SolutionGuid = {985A1374-F5EF-4448-86E9-1BC46F55BC58}
	EndGlobalSection
EndGlobal
